
Microsoft Visual Studio Solution File, Format Version 12.00
# Visual Studio Version 16
VisualStudioVersion = 16.0.29209.152
MinimumVisualStudioVersion = 10.0.40219.1
Project("{9A19103F-16F7-4668-BE54-9A1E7A4F7556}") = "MyVet.Common", "MyVet.Common\MyVet.Common.csproj", "{BFF92AA6-2425-4EA5-98DF-7FBDB3F4F82B}"
EndProject
Project("{9A19103F-16F7-4668-BE54-9A1E7A4F7556}") = "MyVet.Web", "MyVet.Web\MyVet.Web.csproj", "{E2C1DBB8-F350-404D-AA6A-F3EC0D903310}"
EndProject
Project("{FAE04EC0-301F-11D3-BF4B-00C04F79EFBC}") = "MyVet.Prism", "MyVet.Prism\MyVet.Prism\MyVet.Prism.csproj", "{9C65DA86-2877-4AC5-AF19-6AAF6BA1FB3D}"
EndProject
Project("{FAE04EC0-301F-11D3-BF4B-00C04F79EFBC}") = "MyVet.Prism.Android", "MyVet.Prism\MyVet.Prism.Android\MyVet.Prism.Android.csproj", "{536D64FE-E241-423F-8FCE-266B357920AD}"
EndProject
Project("{FAE04EC0-301F-11D3-BF4B-00C04F79EFBC}") = "MyVet.Prism.iOS", "MyVet.Prism\MyVet.Prism.iOS\MyVet.Prism.iOS.csproj", "{DB5C051D-3E64-4BDA-9111-F575D2CFE426}"
EndProject
Global
	GlobalSection(SolutionConfigurationPlatforms) = preSolution
		Ad-Hoc|Any CPU = Ad-Hoc|Any CPU
		Ad-Hoc|ARM = Ad-Hoc|ARM
		Ad-Hoc|iPhone = Ad-Hoc|iPhone
		Ad-Hoc|iPhoneSimulator = Ad-Hoc|iPhoneSimulator
		Ad-Hoc|x64 = Ad-Hoc|x64
		Ad-Hoc|x86 = Ad-Hoc|x86
		AppStore|Any CPU = AppStore|Any CPU
		AppStore|ARM = AppStore|ARM
		AppStore|iPhone = AppStore|iPhone
		AppStore|iPhoneSimulator = AppStore|iPhoneSimulator
		AppStore|x64 = AppStore|x64
		AppStore|x86 = AppStore|x86
		Debug|Any CPU = Debug|Any CPU
		Debug|ARM = Debug|ARM
		Debug|iPhone = Debug|iPhone
		Debug|iPhoneSimulator = Debug|iPhoneSimulator
		Debug|x64 = Debug|x64
		Debug|x86 = Debug|x86
		Release|Any CPU = Release|Any CPU
		Release|ARM = Release|ARM
		Release|iPhone = Release|iPhone
		Release|iPhoneSimulator = Release|iPhoneSimulator
		Release|x64 = Release|x64
		Release|x86 = Release|x86
	EndGlobalSection
	GlobalSection(ProjectConfigurationPlatforms) = postSolution
		{BFF92AA6-2425-4EA5-98DF-7FBDB3F4F82B}.Ad-Hoc|Any CPU.ActiveCfg = Release|Any CPU
		{BFF92AA6-2425-4EA5-98DF-7FBDB3F4F82B}.Ad-Hoc|Any CPU.Build.0 = Release|Any CPU
		{BFF92AA6-2425-4EA5-98DF-7FBDB3F4F82B}.Ad-Hoc|ARM.ActiveCfg = Release|Any CPU
		{BFF92AA6-2425-4EA5-98DF-7FBDB3F4F82B}.Ad-Hoc|ARM.Build.0 = Release|Any CPU
		{BFF92AA6-2425-4EA5-98DF-7FBDB3F4F82B}.Ad-Hoc|iPhone.ActiveCfg = Release|Any CPU
		{BFF92AA6-2425-4EA5-98DF-7FBDB3F4F82B}.Ad-Hoc|iPhone.Build.0 = Release|Any CPU
		{BFF92AA6-2425-4EA5-98DF-7FBDB3F4F82B}.Ad-Hoc|iPhoneSimulator.ActiveCfg = Release|Any CPU
		{BFF92AA6-2425-4EA5-98DF-7FBDB3F4F82B}.Ad-Hoc|iPhoneSimulator.Build.0 = Release|Any CPU
		{BFF92AA6-2425-4EA5-98DF-7FBDB3F4F82B}.Ad-Hoc|x64.ActiveCfg = Release|Any CPU
		{BFF92AA6-2425-4EA5-98DF-7FBDB3F4F82B}.Ad-Hoc|x64.Build.0 = Release|Any CPU
		{BFF92AA6-2425-4EA5-98DF-7FBDB3F4F82B}.Ad-Hoc|x86.ActiveCfg = Release|Any CPU
		{BFF92AA6-2425-4EA5-98DF-7FBDB3F4F82B}.Ad-Hoc|x86.Build.0 = Release|Any CPU
		{BFF92AA6-2425-4EA5-98DF-7FBDB3F4F82B}.AppStore|Any CPU.ActiveCfg = Release|Any CPU
		{BFF92AA6-2425-4EA5-98DF-7FBDB3F4F82B}.AppStore|Any CPU.Build.0 = Release|Any CPU
		{BFF92AA6-2425-4EA5-98DF-7FBDB3F4F82B}.AppStore|ARM.ActiveCfg = Release|Any CPU
		{BFF92AA6-2425-4EA5-98DF-7FBDB3F4F82B}.AppStore|ARM.Build.0 = Release|Any CPU
		{BFF92AA6-2425-4EA5-98DF-7FBDB3F4F82B}.AppStore|iPhone.ActiveCfg = Release|Any CPU
		{BFF92AA6-2425-4EA5-98DF-7FBDB3F4F82B}.AppStore|iPhone.Build.0 = Release|Any CPU
		{BFF92AA6-2425-4EA5-98DF-7FBDB3F4F82B}.AppStore|iPhoneSimulator.ActiveCfg = Release|Any CPU
		{BFF92AA6-2425-4EA5-98DF-7FBDB3F4F82B}.AppStore|iPhoneSimulator.Build.0 = Release|Any CPU
		{BFF92AA6-2425-4EA5-98DF-7FBDB3F4F82B}.AppStore|x64.ActiveCfg = Release|Any CPU
		{BFF92AA6-2425-4EA5-98DF-7FBDB3F4F82B}.AppStore|x64.Build.0 = Release|Any CPU
		{BFF92AA6-2425-4EA5-98DF-7FBDB3F4F82B}.AppStore|x86.ActiveCfg = Release|Any CPU
		{BFF92AA6-2425-4EA5-98DF-7FBDB3F4F82B}.AppStore|x86.Build.0 = Release|Any CPU
		{BFF92AA6-2425-4EA5-98DF-7FBDB3F4F82B}.Debug|Any CPU.ActiveCfg = Debug|Any CPU
		{BFF92AA6-2425-4EA5-98DF-7FBDB3F4F82B}.Debug|Any CPU.Build.0 = Debug|Any CPU
		{BFF92AA6-2425-4EA5-98DF-7FBDB3F4F82B}.Debug|ARM.ActiveCfg = Debug|Any CPU
		{BFF92AA6-2425-4EA5-98DF-7FBDB3F4F82B}.Debug|ARM.Build.0 = Debug|Any CPU
		{BFF92AA6-2425-4EA5-98DF-7FBDB3F4F82B}.Debug|iPhone.ActiveCfg = Debug|Any CPU
		{BFF92AA6-2425-4EA5-98DF-7FBDB3F4F82B}.Debug|iPhone.Build.0 = Debug|Any CPU
		{BFF92AA6-2425-4EA5-98DF-7FBDB3F4F82B}.Debug|iPhoneSimulator.ActiveCfg = Debug|Any CPU
		{BFF92AA6-2425-4EA5-98DF-7FBDB3F4F82B}.Debug|iPhoneSimulator.Build.0 = Debug|Any CPU
		{BFF92AA6-2425-4EA5-98DF-7FBDB3F4F82B}.Debug|x64.ActiveCfg = Debug|Any CPU
		{BFF92AA6-2425-4EA5-98DF-7FBDB3F4F82B}.Debug|x64.Build.0 = Debug|Any CPU
		{BFF92AA6-2425-4EA5-98DF-7FBDB3F4F82B}.Debug|x86.ActiveCfg = Debug|Any CPU
		{BFF92AA6-2425-4EA5-98DF-7FBDB3F4F82B}.Debug|x86.Build.0 = Debug|Any CPU
		{BFF92AA6-2425-4EA5-98DF-7FBDB3F4F82B}.Release|Any CPU.ActiveCfg = Release|Any CPU
		{BFF92AA6-2425-4EA5-98DF-7FBDB3F4F82B}.Release|Any CPU.Build.0 = Release|Any CPU
		{BFF92AA6-2425-4EA5-98DF-7FBDB3F4F82B}.Release|ARM.ActiveCfg = Release|Any CPU
		{BFF92AA6-2425-4EA5-98DF-7FBDB3F4F82B}.Release|ARM.Build.0 = Release|Any CPU
		{BFF92AA6-2425-4EA5-98DF-7FBDB3F4F82B}.Release|iPhone.ActiveCfg = Release|Any CPU
		{BFF92AA6-2425-4EA5-98DF-7FBDB3F4F82B}.Release|iPhone.Build.0 = Release|Any CPU
		{BFF92AA6-2425-4EA5-98DF-7FBDB3F4F82B}.Release|iPhoneSimulator.ActiveCfg = Release|Any CPU
		{BFF92AA6-2425-4EA5-98DF-7FBDB3F4F82B}.Release|iPhoneSimulator.Build.0 = Release|Any CPU
		{BFF92AA6-2425-4EA5-98DF-7FBDB3F4F82B}.Release|x64.ActiveCfg = Release|Any CPU
		{BFF92AA6-2425-4EA5-98DF-7FBDB3F4F82B}.Release|x64.Build.0 = Release|Any CPU
		{BFF92AA6-2425-4EA5-98DF-7FBDB3F4F82B}.Release|x86.ActiveCfg = Release|Any CPU
		{BFF92AA6-2425-4EA5-98DF-7FBDB3F4F82B}.Release|x86.Build.0 = Release|Any CPU
		{E2C1DBB8-F350-404D-AA6A-F3EC0D903310}.Ad-Hoc|Any CPU.ActiveCfg = Release|Any CPU
		{E2C1DBB8-F350-404D-AA6A-F3EC0D903310}.Ad-Hoc|Any CPU.Build.0 = Release|Any CPU
		{E2C1DBB8-F350-404D-AA6A-F3EC0D903310}.Ad-Hoc|ARM.ActiveCfg = Release|Any CPU
		{E2C1DBB8-F350-404D-AA6A-F3EC0D903310}.Ad-Hoc|ARM.Build.0 = Release|Any CPU
		{E2C1DBB8-F350-404D-AA6A-F3EC0D903310}.Ad-Hoc|iPhone.ActiveCfg = Release|Any CPU
		{E2C1DBB8-F350-404D-AA6A-F3EC0D903310}.Ad-Hoc|iPhone.Build.0 = Release|Any CPU
		{E2C1DBB8-F350-404D-AA6A-F3EC0D903310}.Ad-Hoc|iPhoneSimulator.ActiveCfg = Release|Any CPU
		{E2C1DBB8-F350-404D-AA6A-F3EC0D903310}.Ad-Hoc|iPhoneSimulator.Build.0 = Release|Any CPU
		{E2C1DBB8-F350-404D-AA6A-F3EC0D903310}.Ad-Hoc|x64.ActiveCfg = Release|Any CPU
		{E2C1DBB8-F350-404D-AA6A-F3EC0D903310}.Ad-Hoc|x64.Build.0 = Release|Any CPU
		{E2C1DBB8-F350-404D-AA6A-F3EC0D903310}.Ad-Hoc|x86.ActiveCfg = Release|Any CPU
		{E2C1DBB8-F350-404D-AA6A-F3EC0D903310}.Ad-Hoc|x86.Build.0 = Release|Any CPU
		{E2C1DBB8-F350-404D-AA6A-F3EC0D903310}.AppStore|Any CPU.ActiveCfg = Release|Any CPU
		{E2C1DBB8-F350-404D-AA6A-F3EC0D903310}.AppStore|Any CPU.Build.0 = Release|Any CPU
		{E2C1DBB8-F350-404D-AA6A-F3EC0D903310}.AppStore|ARM.ActiveCfg = Release|Any CPU
		{E2C1DBB8-F350-404D-AA6A-F3EC0D903310}.AppStore|ARM.Build.0 = Release|Any CPU
		{E2C1DBB8-F350-404D-AA6A-F3EC0D903310}.AppStore|iPhone.ActiveCfg = Release|Any CPU
		{E2C1DBB8-F350-404D-AA6A-F3EC0D903310}.AppStore|iPhone.Build.0 = Release|Any CPU
		{E2C1DBB8-F350-404D-AA6A-F3EC0D903310}.AppStore|iPhoneSimulator.ActiveCfg = Release|Any CPU
		{E2C1DBB8-F350-404D-AA6A-F3EC0D903310}.AppStore|iPhoneSimulator.Build.0 = Release|Any CPU
		{E2C1DBB8-F350-404D-AA6A-F3EC0D903310}.AppStore|x64.ActiveCfg = Release|Any CPU
		{E2C1DBB8-F350-404D-AA6A-F3EC0D903310}.AppStore|x64.Build.0 = Release|Any CPU
		{E2C1DBB8-F350-404D-AA6A-F3EC0D903310}.AppStore|x86.ActiveCfg = Release|Any CPU
		{E2C1DBB8-F350-404D-AA6A-F3EC0D903310}.AppStore|x86.Build.0 = Release|Any CPU
		{E2C1DBB8-F350-404D-AA6A-F3EC0D903310}.Debug|Any CPU.ActiveCfg = Debug|Any CPU
		{E2C1DBB8-F350-404D-AA6A-F3EC0D903310}.Debug|Any CPU.Build.0 = Debug|Any CPU
		{E2C1DBB8-F350-404D-AA6A-F3EC0D903310}.Debug|ARM.ActiveCfg = Debug|Any CPU
		{E2C1DBB8-F350-404D-AA6A-F3EC0D903310}.Debug|ARM.Build.0 = Debug|Any CPU
		{E2C1DBB8-F350-404D-AA6A-F3EC0D903310}.Debug|iPhone.ActiveCfg = Debug|Any CPU
		{E2C1DBB8-F350-404D-AA6A-F3EC0D903310}.Debug|iPhone.Build.0 = Debug|Any CPU
		{E2C1DBB8-F350-404D-AA6A-F3EC0D903310}.Debug|iPhoneSimulator.ActiveCfg = Debug|Any CPU
		{E2C1DBB8-F350-404D-AA6A-F3EC0D903310}.Debug|iPhoneSimulator.Build.0 = Debug|Any CPU
		{E2C1DBB8-F350-404D-AA6A-F3EC0D903310}.Debug|x64.ActiveCfg = Debug|Any CPU
		{E2C1DBB8-F350-404D-AA6A-F3EC0D903310}.Debug|x64.Build.0 = Debug|Any CPU
		{E2C1DBB8-F350-404D-AA6A-F3EC0D903310}.Debug|x86.ActiveCfg = Debug|Any CPU
		{E2C1DBB8-F350-404D-AA6A-F3EC0D903310}.Debug|x86.Build.0 = Debug|Any CPU
		{E2C1DBB8-F350-404D-AA6A-F3EC0D903310}.Release|Any CPU.ActiveCfg = Release|Any CPU
		{E2C1DBB8-F350-404D-AA6A-F3EC0D903310}.Release|Any CPU.Build.0 = Release|Any CPU
		{E2C1DBB8-F350-404D-AA6A-F3EC0D903310}.Release|ARM.ActiveCfg = Release|Any CPU
		{E2C1DBB8-F350-404D-AA6A-F3EC0D903310}.Release|ARM.Build.0 = Release|Any CPU
		{E2C1DBB8-F350-404D-AA6A-F3EC0D903310}.Release|iPhone.ActiveCfg = Release|Any CPU
		{E2C1DBB8-F350-404D-AA6A-F3EC0D903310}.Release|iPhone.Build.0 = Release|Any CPU
		{E2C1DBB8-F350-404D-AA6A-F3EC0D903310}.Release|iPhoneSimulator.ActiveCfg = Release|Any CPU
		{E2C1DBB8-F350-404D-AA6A-F3EC0D903310}.Release|iPhoneSimulator.Build.0 = Release|Any CPU
		{E2C1DBB8-F350-404D-AA6A-F3EC0D903310}.Release|x64.ActiveCfg = Release|Any CPU
		{E2C1DBB8-F350-404D-AA6A-F3EC0D903310}.Release|x64.Build.0 = Release|Any CPU
		{E2C1DBB8-F350-404D-AA6A-F3EC0D903310}.Release|x86.ActiveCfg = Release|Any CPU
		{E2C1DBB8-F350-404D-AA6A-F3EC0D903310}.Release|x86.Build.0 = Release|Any CPU
		{9C65DA86-2877-4AC5-AF19-6AAF6BA1FB3D}.Ad-Hoc|Any CPU.ActiveCfg = Debug|Any CPU
		{9C65DA86-2877-4AC5-AF19-6AAF6BA1FB3D}.Ad-Hoc|Any CPU.Build.0 = Debug|Any CPU
		{9C65DA86-2877-4AC5-AF19-6AAF6BA1FB3D}.Ad-Hoc|ARM.ActiveCfg = Debug|Any CPU
		{9C65DA86-2877-4AC5-AF19-6AAF6BA1FB3D}.Ad-Hoc|ARM.Build.0 = Debug|Any CPU
		{9C65DA86-2877-4AC5-AF19-6AAF6BA1FB3D}.Ad-Hoc|iPhone.ActiveCfg = Debug|Any CPU
		{9C65DA86-2877-4AC5-AF19-6AAF6BA1FB3D}.Ad-Hoc|iPhone.Build.0 = Debug|Any CPU
		{9C65DA86-2877-4AC5-AF19-6AAF6BA1FB3D}.Ad-Hoc|iPhoneSimulator.ActiveCfg = Debug|Any CPU
		{9C65DA86-2877-4AC5-AF19-6AAF6BA1FB3D}.Ad-Hoc|iPhoneSimulator.Build.0 = Debug|Any CPU
		{9C65DA86-2877-4AC5-AF19-6AAF6BA1FB3D}.Ad-Hoc|x64.ActiveCfg = Debug|Any CPU
		{9C65DA86-2877-4AC5-AF19-6AAF6BA1FB3D}.Ad-Hoc|x64.Build.0 = Debug|Any CPU
		{9C65DA86-2877-4AC5-AF19-6AAF6BA1FB3D}.Ad-Hoc|x86.ActiveCfg = Debug|Any CPU
		{9C65DA86-2877-4AC5-AF19-6AAF6BA1FB3D}.Ad-Hoc|x86.Build.0 = Debug|Any CPU
		{9C65DA86-2877-4AC5-AF19-6AAF6BA1FB3D}.AppStore|Any CPU.ActiveCfg = Debug|Any CPU
		{9C65DA86-2877-4AC5-AF19-6AAF6BA1FB3D}.AppStore|Any CPU.Build.0 = Debug|Any CPU
		{9C65DA86-2877-4AC5-AF19-6AAF6BA1FB3D}.AppStore|ARM.ActiveCfg = Debug|Any CPU
		{9C65DA86-2877-4AC5-AF19-6AAF6BA1FB3D}.AppStore|ARM.Build.0 = Debug|Any CPU
		{9C65DA86-2877-4AC5-AF19-6AAF6BA1FB3D}.AppStore|iPhone.ActiveCfg = Debug|Any CPU
		{9C65DA86-2877-4AC5-AF19-6AAF6BA1FB3D}.AppStore|iPhone.Build.0 = Debug|Any CPU
		{9C65DA86-2877-4AC5-AF19-6AAF6BA1FB3D}.AppStore|iPhoneSimulator.ActiveCfg = Debug|Any CPU
		{9C65DA86-2877-4AC5-AF19-6AAF6BA1FB3D}.AppStore|iPhoneSimulator.Build.0 = Debug|Any CPU
		{9C65DA86-2877-4AC5-AF19-6AAF6BA1FB3D}.AppStore|x64.ActiveCfg = Debug|Any CPU
		{9C65DA86-2877-4AC5-AF19-6AAF6BA1FB3D}.AppStore|x64.Build.0 = Debug|Any CPU
		{9C65DA86-2877-4AC5-AF19-6AAF6BA1FB3D}.AppStore|x86.ActiveCfg = Debug|Any CPU
		{9C65DA86-2877-4AC5-AF19-6AAF6BA1FB3D}.AppStore|x86.Build.0 = Debug|Any CPU
		{9C65DA86-2877-4AC5-AF19-6AAF6BA1FB3D}.Debug|Any CPU.ActiveCfg = Debug|Any CPU
		{9C65DA86-2877-4AC5-AF19-6AAF6BA1FB3D}.Debug|Any CPU.Build.0 = Debug|Any CPU
		{9C65DA86-2877-4AC5-AF19-6AAF6BA1FB3D}.Debug|ARM.ActiveCfg = Debug|Any CPU
		{9C65DA86-2877-4AC5-AF19-6AAF6BA1FB3D}.Debug|ARM.Build.0 = Debug|Any CPU
		{9C65DA86-2877-4AC5-AF19-6AAF6BA1FB3D}.Debug|iPhone.ActiveCfg = Debug|Any CPU
		{9C65DA86-2877-4AC5-AF19-6AAF6BA1FB3D}.Debug|iPhone.Build.0 = Debug|Any CPU
		{9C65DA86-2877-4AC5-AF19-6AAF6BA1FB3D}.Debug|iPhoneSimulator.ActiveCfg = Debug|Any CPU
		{9C65DA86-2877-4AC5-AF19-6AAF6BA1FB3D}.Debug|iPhoneSimulator.Build.0 = Debug|Any CPU
		{9C65DA86-2877-4AC5-AF19-6AAF6BA1FB3D}.Debug|x64.ActiveCfg = Debug|Any CPU
		{9C65DA86-2877-4AC5-AF19-6AAF6BA1FB3D}.Debug|x64.Build.0 = Debug|Any CPU
		{9C65DA86-2877-4AC5-AF19-6AAF6BA1FB3D}.Debug|x86.ActiveCfg = Debug|Any CPU
		{9C65DA86-2877-4AC5-AF19-6AAF6BA1FB3D}.Debug|x86.Build.0 = Debug|Any CPU
		{9C65DA86-2877-4AC5-AF19-6AAF6BA1FB3D}.Release|Any CPU.ActiveCfg = Release|Any CPU
		{9C65DA86-2877-4AC5-AF19-6AAF6BA1FB3D}.Release|Any CPU.Build.0 = Release|Any CPU
		{9C65DA86-2877-4AC5-AF19-6AAF6BA1FB3D}.Release|ARM.ActiveCfg = Release|Any CPU
		{9C65DA86-2877-4AC5-AF19-6AAF6BA1FB3D}.Release|ARM.Build.0 = Release|Any CPU
		{9C65DA86-2877-4AC5-AF19-6AAF6BA1FB3D}.Release|iPhone.ActiveCfg = Release|Any CPU
		{9C65DA86-2877-4AC5-AF19-6AAF6BA1FB3D}.Release|iPhone.Build.0 = Release|Any CPU
		{9C65DA86-2877-4AC5-AF19-6AAF6BA1FB3D}.Release|iPhoneSimulator.ActiveCfg = Release|Any CPU
		{9C65DA86-2877-4AC5-AF19-6AAF6BA1FB3D}.Release|iPhoneSimulator.Build.0 = Release|Any CPU
		{9C65DA86-2877-4AC5-AF19-6AAF6BA1FB3D}.Release|x64.ActiveCfg = Release|Any CPU
		{9C65DA86-2877-4AC5-AF19-6AAF6BA1FB3D}.Release|x64.Build.0 = Release|Any CPU
		{9C65DA86-2877-4AC5-AF19-6AAF6BA1FB3D}.Release|x86.ActiveCfg = Release|Any CPU
		{9C65DA86-2877-4AC5-AF19-6AAF6BA1FB3D}.Release|x86.Build.0 = Release|Any CPU
		{536D64FE-E241-423F-8FCE-266B357920AD}.Ad-Hoc|Any CPU.ActiveCfg = Release|Any CPU
		{536D64FE-E241-423F-8FCE-266B357920AD}.Ad-Hoc|Any CPU.Build.0 = Release|Any CPU
		{536D64FE-E241-423F-8FCE-266B357920AD}.Ad-Hoc|Any CPU.Deploy.0 = Release|Any CPU
		{536D64FE-E241-423F-8FCE-266B357920AD}.Ad-Hoc|ARM.ActiveCfg = Release|Any CPU
		{536D64FE-E241-423F-8FCE-266B357920AD}.Ad-Hoc|ARM.Build.0 = Release|Any CPU
		{536D64FE-E241-423F-8FCE-266B357920AD}.Ad-Hoc|ARM.Deploy.0 = Release|Any CPU
		{536D64FE-E241-423F-8FCE-266B357920AD}.Ad-Hoc|iPhone.ActiveCfg = Release|Any CPU
		{536D64FE-E241-423F-8FCE-266B357920AD}.Ad-Hoc|iPhone.Build.0 = Release|Any CPU
		{536D64FE-E241-423F-8FCE-266B357920AD}.Ad-Hoc|iPhone.Deploy.0 = Release|Any CPU
		{536D64FE-E241-423F-8FCE-266B357920AD}.Ad-Hoc|iPhoneSimulator.ActiveCfg = Release|Any CPU
		{536D64FE-E241-423F-8FCE-266B357920AD}.Ad-Hoc|iPhoneSimulator.Build.0 = Release|Any CPU
		{536D64FE-E241-423F-8FCE-266B357920AD}.Ad-Hoc|iPhoneSimulator.Deploy.0 = Release|Any CPU
		{536D64FE-E241-423F-8FCE-266B357920AD}.Ad-Hoc|x64.ActiveCfg = Release|Any CPU
		{536D64FE-E241-423F-8FCE-266B357920AD}.Ad-Hoc|x64.Build.0 = Release|Any CPU
		{536D64FE-E241-423F-8FCE-266B357920AD}.Ad-Hoc|x64.Deploy.0 = Release|Any CPU
		{536D64FE-E241-423F-8FCE-266B357920AD}.Ad-Hoc|x86.ActiveCfg = Release|Any CPU
		{536D64FE-E241-423F-8FCE-266B357920AD}.Ad-Hoc|x86.Build.0 = Release|Any CPU
		{536D64FE-E241-423F-8FCE-266B357920AD}.Ad-Hoc|x86.Deploy.0 = Release|Any CPU
		{536D64FE-E241-423F-8FCE-266B357920AD}.AppStore|Any CPU.ActiveCfg = Release|Any CPU
		{536D64FE-E241-423F-8FCE-266B357920AD}.AppStore|Any CPU.Build.0 = Release|Any CPU
		{536D64FE-E241-423F-8FCE-266B357920AD}.AppStore|Any CPU.Deploy.0 = Release|Any CPU
		{536D64FE-E241-423F-8FCE-266B357920AD}.AppStore|ARM.ActiveCfg = Release|Any CPU
		{536D64FE-E241-423F-8FCE-266B357920AD}.AppStore|ARM.Build.0 = Release|Any CPU
		{536D64FE-E241-423F-8FCE-266B357920AD}.AppStore|ARM.Deploy.0 = Release|Any CPU
		{536D64FE-E241-423F-8FCE-266B357920AD}.AppStore|iPhone.ActiveCfg = Release|Any CPU
		{536D64FE-E241-423F-8FCE-266B357920AD}.AppStore|iPhone.Build.0 = Release|Any CPU
		{536D64FE-E241-423F-8FCE-266B357920AD}.AppStore|iPhone.Deploy.0 = Release|Any CPU
		{536D64FE-E241-423F-8FCE-266B357920AD}.AppStore|iPhoneSimulator.ActiveCfg = Release|Any CPU
		{536D64FE-E241-423F-8FCE-266B357920AD}.AppStore|iPhoneSimulator.Build.0 = Release|Any CPU
		{536D64FE-E241-423F-8FCE-266B357920AD}.AppStore|iPhoneSimulator.Deploy.0 = Release|Any CPU
		{536D64FE-E241-423F-8FCE-266B357920AD}.AppStore|x64.ActiveCfg = Release|Any CPU
		{536D64FE-E241-423F-8FCE-266B357920AD}.AppStore|x64.Build.0 = Release|Any CPU
		{536D64FE-E241-423F-8FCE-266B357920AD}.AppStore|x64.Deploy.0 = Release|Any CPU
		{536D64FE-E241-423F-8FCE-266B357920AD}.AppStore|x86.ActiveCfg = Release|Any CPU
		{536D64FE-E241-423F-8FCE-266B357920AD}.AppStore|x86.Build.0 = Release|Any CPU
		{536D64FE-E241-423F-8FCE-266B357920AD}.AppStore|x86.Deploy.0 = Release|Any CPU
		{536D64FE-E241-423F-8FCE-266B357920AD}.Debug|Any CPU.ActiveCfg = Debug|Any CPU
		{536D64FE-E241-423F-8FCE-266B357920AD}.Debug|Any CPU.Build.0 = Debug|Any CPU
		{536D64FE-E241-423F-8FCE-266B357920AD}.Debug|Any CPU.Deploy.0 = Debug|Any CPU
		{536D64FE-E241-423F-8FCE-266B357920AD}.Debug|ARM.ActiveCfg = Debug|Any CPU
		{536D64FE-E241-423F-8FCE-266B357920AD}.Debug|ARM.Build.0 = Debug|Any CPU
		{536D64FE-E241-423F-8FCE-266B357920AD}.Debug|ARM.Deploy.0 = Debug|Any CPU
		{536D64FE-E241-423F-8FCE-266B357920AD}.Debug|iPhone.ActiveCfg = Debug|Any CPU
		{536D64FE-E241-423F-8FCE-266B357920AD}.Debug|iPhone.Build.0 = Debug|Any CPU
		{536D64FE-E241-423F-8FCE-266B357920AD}.Debug|iPhone.Deploy.0 = Debug|Any CPU
		{536D64FE-E241-423F-8FCE-266B357920AD}.Debug|iPhoneSimulator.ActiveCfg = Debug|Any CPU
		{536D64FE-E241-423F-8FCE-266B357920AD}.Debug|iPhoneSimulator.Build.0 = Debug|Any CPU
		{536D64FE-E241-423F-8FCE-266B357920AD}.Debug|iPhoneSimulator.Deploy.0 = Debug|Any CPU
		{536D64FE-E241-423F-8FCE-266B357920AD}.Debug|x64.ActiveCfg = Debug|Any CPU
		{536D64FE-E241-423F-8FCE-266B357920AD}.Debug|x64.Build.0 = Debug|Any CPU
		{536D64FE-E241-423F-8FCE-266B357920AD}.Debug|x64.Deploy.0 = Debug|Any CPU
		{536D64FE-E241-423F-8FCE-266B357920AD}.Debug|x86.ActiveCfg = Debug|Any CPU
		{536D64FE-E241-423F-8FCE-266B357920AD}.Debug|x86.Build.0 = Debug|Any CPU
		{536D64FE-E241-423F-8FCE-266B357920AD}.Debug|x86.Deploy.0 = Debug|Any CPU
		{536D64FE-E241-423F-8FCE-266B357920AD}.Release|Any CPU.ActiveCfg = Release|Any CPU
		{536D64FE-E241-423F-8FCE-266B357920AD}.Release|Any CPU.Build.0 = Release|Any CPU
		{536D64FE-E241-423F-8FCE-266B357920AD}.Release|Any CPU.Deploy.0 = Release|Any CPU
		{536D64FE-E241-423F-8FCE-266B357920AD}.Release|ARM.ActiveCfg = Release|Any CPU
		{536D64FE-E241-423F-8FCE-266B357920AD}.Release|ARM.Build.0 = Release|Any CPU
		{536D64FE-E241-423F-8FCE-266B357920AD}.Release|ARM.Deploy.0 = Release|Any CPU
		{536D64FE-E241-423F-8FCE-266B357920AD}.Release|iPhone.ActiveCfg = Release|Any CPU
		{536D64FE-E241-423F-8FCE-266B357920AD}.Release|iPhone.Build.0 = Release|Any CPU
		{536D64FE-E241-423F-8FCE-266B357920AD}.Release|iPhone.Deploy.0 = Release|Any CPU
		{536D64FE-E241-423F-8FCE-266B357920AD}.Release|iPhoneSimulator.ActiveCfg = Release|Any CPU
		{536D64FE-E241-423F-8FCE-266B357920AD}.Release|iPhoneSimulator.Build.0 = Release|Any CPU
		{536D64FE-E241-423F-8FCE-266B357920AD}.Release|iPhoneSimulator.Deploy.0 = Release|Any CPU
		{536D64FE-E241-423F-8FCE-266B357920AD}.Release|x64.ActiveCfg = Release|Any CPU
		{536D64FE-E241-423F-8FCE-266B357920AD}.Release|x64.Build.0 = Release|Any CPU
		{536D64FE-E241-423F-8FCE-266B357920AD}.Release|x64.Deploy.0 = Release|Any CPU
		{536D64FE-E241-423F-8FCE-266B357920AD}.Release|x86.ActiveCfg = Release|Any CPU
		{536D64FE-E241-423F-8FCE-266B357920AD}.Release|x86.Build.0 = Release|Any CPU
		{536D64FE-E241-423F-8FCE-266B357920AD}.Release|x86.Deploy.0 = Release|Any CPU
		{DB5C051D-3E64-4BDA-9111-F575D2CFE426}.Ad-Hoc|Any CPU.ActiveCfg = Ad-Hoc|iPhone
		{DB5C051D-3E64-4BDA-9111-F575D2CFE426}.Ad-Hoc|ARM.ActiveCfg = Ad-Hoc|iPhone
		{DB5C051D-3E64-4BDA-9111-F575D2CFE426}.Ad-Hoc|iPhone.ActiveCfg = Ad-Hoc|iPhone
		{DB5C051D-3E64-4BDA-9111-F575D2CFE426}.Ad-Hoc|iPhone.Build.0 = Ad-Hoc|iPhone
		{DB5C051D-3E64-4BDA-9111-F575D2CFE426}.Ad-Hoc|iPhoneSimulator.ActiveCfg = Ad-Hoc|iPhoneSimulator
		{DB5C051D-3E64-4BDA-9111-F575D2CFE426}.Ad-Hoc|iPhoneSimulator.Build.0 = Ad-Hoc|iPhoneSimulator
		{DB5C051D-3E64-4BDA-9111-F575D2CFE426}.Ad-Hoc|x64.ActiveCfg = Ad-Hoc|iPhone
		{DB5C051D-3E64-4BDA-9111-F575D2CFE426}.Ad-Hoc|x86.ActiveCfg = Ad-Hoc|iPhone
		{DB5C051D-3E64-4BDA-9111-F575D2CFE426}.AppStore|Any CPU.ActiveCfg = AppStore|iPhone
		{DB5C051D-3E64-4BDA-9111-F575D2CFE426}.AppStore|ARM.ActiveCfg = AppStore|iPhone
		{DB5C051D-3E64-4BDA-9111-F575D2CFE426}.AppStore|iPhone.ActiveCfg = AppStore|iPhone
		{DB5C051D-3E64-4BDA-9111-F575D2CFE426}.AppStore|iPhone.Build.0 = AppStore|iPhone
		{DB5C051D-3E64-4BDA-9111-F575D2CFE426}.AppStore|iPhoneSimulator.ActiveCfg = AppStore|iPhoneSimulator
		{DB5C051D-3E64-4BDA-9111-F575D2CFE426}.AppStore|iPhoneSimulator.Build.0 = AppStore|iPhoneSimulator
		{DB5C051D-3E64-4BDA-9111-F575D2CFE426}.AppStore|x64.ActiveCfg = AppStore|iPhone
		{DB5C051D-3E64-4BDA-9111-F575D2CFE426}.AppStore|x86.ActiveCfg = AppStore|iPhone
		{DB5C051D-3E64-4BDA-9111-F575D2CFE426}.Debug|Any CPU.ActiveCfg = Debug|iPhone
		{DB5C051D-3E64-4BDA-9111-F575D2CFE426}.Debug|ARM.ActiveCfg = Debug|iPhone
		{DB5C051D-3E64-4BDA-9111-F575D2CFE426}.Debug|iPhone.ActiveCfg = Debug|iPhone
		{DB5C051D-3E64-4BDA-9111-F575D2CFE426}.Debug|iPhone.Build.0 = Debug|iPhone
		{DB5C051D-3E64-4BDA-9111-F575D2CFE426}.Debug|iPhoneSimulator.ActiveCfg = Debug|iPhoneSimulator
		{DB5C051D-3E64-4BDA-9111-F575D2CFE426}.Debug|iPhoneSimulator.Build.0 = Debug|iPhoneSimulator
		{DB5C051D-3E64-4BDA-9111-F575D2CFE426}.Debug|x64.ActiveCfg = Debug|iPhone
		{DB5C051D-3E64-4BDA-9111-F575D2CFE426}.Debug|x86.ActiveCfg = Debug|iPhone
		{DB5C051D-3E64-4BDA-9111-F575D2CFE426}.Release|Any CPU.ActiveCfg = Release|iPhone
		{DB5C051D-3E64-4BDA-9111-F575D2CFE426}.Release|ARM.ActiveCfg = Release|iPhone
		{DB5C051D-3E64-4BDA-9111-F575D2CFE426}.Release|iPhone.ActiveCfg = Release|iPhone
		{DB5C051D-3E64-4BDA-9111-F575D2CFE426}.Release|iPhone.Build.0 = Release|iPhone
		{DB5C051D-3E64-4BDA-9111-F575D2CFE426}.Release|iPhoneSimulator.ActiveCfg = Release|iPhoneSimulator
		{DB5C051D-3E64-4BDA-9111-F575D2CFE426}.Release|iPhoneSimulator.Build.0 = Release|iPhoneSimulator
		{DB5C051D-3E64-4BDA-9111-F575D2CFE426}.Release|x64.ActiveCfg = Release|iPhone
		{DB5C051D-3E64-4BDA-9111-F575D2CFE426}.Release|x86.ActiveCfg = Release|iPhone
	EndGlobalSection
	GlobalSection(SolutionProperties) = preSolution
		HideSolutionNode = FALSE
	EndGlobalSection
	GlobalSection(ExtensibilityGlobals) = postSolution
		SolutionGuid = {9E711754-177D-4D50-9204-73906D507DE1}
	EndGlobalSection
EndGlobal
